<Solution>
  <Folder Name="/src/">
    <Project Path="src/Lunet.Android/Lunet.Android.csproj" />
    <Project Path="src/Lunet.Compiler/Lunet.Compiler.csproj" />
    <Project Path="src/Lunet.Core/Lunet.Core.csproj" />
    <Project Path="src/Lunet.Editor/Lunet.Editor.csproj" />
    <Project Path="src/Lunet.Framework/Lunet.Framework.csproj" />
    <Project Path="src/Lunet.Runtime/Lunet.Runtime.csproj" />
  </Folder>
  <Folder Name="/tests/">
    <Project Path="tests/Lunet.Tests/Lunet.Tests.csproj" />
  </Folder>
</Solution>
